Microsoft Visual Studio Solution File, Format Version 12.00
# Visual Studio Version 17
VisualStudioVersion = 17.5.2.0
MinimumVisualStudioVersion = 10.0.40219.1
Project("{FAE04EC0-301F-11D3-BF4B-00C04F79EFBC}") = "BanMod", "BanMod.csproj", "{B5EB27DD-E802-AD22-33AD-28DD7D6D7B74}"
EndProject
Global
	GlobalSection(SolutionConfigurationPlatforms) = preSolution
		Debug|Any CPU = Debug|Any CPU
		Release|Any CPU = Release|Any CPU
	EndGlobalSection
	GlobalSection(ProjectConfigurationPlatforms) = postSolution
		{B5EB27DD-E802-AD22-33AD-28DD7D6D7B74}.Debug|Any CPU.ActiveCfg = Debug|Any CPU
		{B5EB27DD-E802-AD22-33AD-28DD7D6D7B74}.Debug|Any CPU.Build.0 = Debug|Any CPU
		{B5EB27DD-E802-AD22-33AD-28DD7D6D7B74}.Release|Any CPU.ActiveCfg = Release|Any CPU
		{B5EB27DD-E802-AD22-33AD-28DD7D6D7B74}.Release|Any CPU.Build.0 = Release|Any CPU
	EndGlobalSection
	GlobalSection(SolutionProperties) = preSolution
		HideSolutionNode = FALSE
	EndGlobalSection
	GlobalSection(ExtensibilityGlobals) = postSolution
		SolutionGuid = {C18C5D8D-7E22-4868-ADF0-C7D2D516F290}
	EndGlobalSection
EndGlobal
